
Microsoft Visual Studio Solution File, Format Version 12.00
# Visual Studio Version 17
VisualStudioVersion = 17.2.32630.192
MinimumVisualStudioVersion = 10.0.40219.1
Project("{FAE04EC0-301F-11D3-BF4B-00C04F79EFBC}") = "EvaluacionDeveloper", "EvaluacionDeveloper\EvaluacionDeveloper.csproj", "{D4DB557B-EA86-4981-99B4-D2431928759F}"
EndProject
Global
	GlobalSection(SolutionConfigurationPlatforms) = preSolution
		Debug|Any CPU = Debug|Any CPU
		Release|Any CPU = Release|Any CPU
	EndGlobalSection
	GlobalSection(ProjectConfigurationPlatforms) = postSolution
		{D4DB557B-EA86-4981-99B4-D2431928759F}.Debug|Any CPU.ActiveCfg = Debug|Any CPU
		{D4DB557B-EA86-4981-99B4-D2431928759F}.Debug|Any CPU.Build.0 = Debug|Any CPU
		{D4DB557B-EA86-4981-99B4-D2431928759F}.Release|Any CPU.ActiveCfg = Release|Any CPU
		{D4DB557B-EA86-4981-99B4-D2431928759F}.Release|Any CPU.Build.0 = Release|Any CPU
	EndGlobalSection
	GlobalSection(SolutionProperties) = preSolution
		HideSolutionNode = FALSE
	EndGlobalSection
	GlobalSection(ExtensibilityGlobals) = postSolution
		SolutionGuid = {47AC22BC-9374-444A-8FD0-1E241F1B1A6B}
	EndGlobalSection
EndGlobal
